// !$*UTF8*$!
{
	archiveVersion = 1;
	classes = {
	};
	objectVersion = 50;
	objects = {

/* Begin PBXBuildFile section */
		CF2BF989269096FB00842794 /* VitaMiApp.swift in Sources */ = {isa = PBXBuildFile; fileRef = CF2BF988269096FB00842794 /* VitaMiApp.swift */; };
		CF2BF98B269096FB00842794 /* ContentView.swift in Sources */ = {isa = PBXBuildFile; fileRef = CF2BF98A269096FB00842794 /* ContentView.swift */; };
		CF2BF98D269096FC00842794 /* Assets.xcassets in Resources */ = {isa = PBXBuildFile; fileRef = CF2BF98C269096FC00842794 /* Assets.xcassets */; };
		CF2BF990269096FC00842794 /* Preview Assets.xcassets in Resources */ = {isa = PBXBuildFile; fileRef = CF2BF98F269096FC00842794 /* Preview Assets.xcassets */; };
		CF2BF9982690974A00842794 /* SymtomList.swift in Sources */ = {isa = PBXBuildFile; fileRef = CF2BF9972690974A00842794 /* SymtomList.swift */; };
		CF2BF9A7269173BF00842794 /* UserInfo.swift in Sources */ = {isa = PBXBuildFile; fileRef = CF2BF9A6269173BF00842794 /* UserInfo.swift */; };
		CF758F8F26988EEA004E73EE /* SymptomsListView.swift in Sources */ = {isa = PBXBuildFile; fileRef = CF758F8E26988EEA004E73EE /* SymptomsListView.swift */; };
		CF758F9126989348004E73EE /* ResultTestingView.swift in Sources */ = {isa = PBXBuildFile; fileRef = CF758F9026989348004E73EE /* ResultTestingView.swift */; };
		CF758F93269893D9004E73EE /* FirstTestResumeView.swift in Sources */ = {isa = PBXBuildFile; fileRef = CF758F92269893D9004E73EE /* FirstTestResumeView.swift */; };
		CF87F5842692067600ED6710 /* ElementsList.swift in Sources */ = {isa = PBXBuildFile; fileRef = CF87F5832692067600ED6710 /* ElementsList.swift */; };
		CF87F5AE26988D8600ED6710 /* TestingView.swift in Sources */ = {isa = PBXBuildFile; fileRef = CF87F5AD26988D8600ED6710 /* TestingView.swift */; };
/* End PBXBuildFile section */

/* Begin PBXFileReference section */
		CF2BF985269096FB00842794 /* VitaMi.app */ = {isa = PBXFileReference; explicitFileType = wrapper.application; includeInIndex = 0; path = VitaMi.app; sourceTree = BUILT_PRODUCTS_DIR; };
		CF2BF988269096FB00842794 /* VitaMiApp.swift */ = {isa = PBXFileReference; lastKnownFileType = sourcecode.swift; path = VitaMiApp.swift; sourceTree = "<group>"; };
		CF2BF98A269096FB00842794 /* ContentView.swift */ = {isa = PBXFileReference; lastKnownFileType = sourcecode.swift; path = ContentView.swift; sourceTree = "<group>"; };
		CF2BF98C269096FC00842794 /* Assets.xcassets */ = {isa = PBXFileReference; lastKnownFileType = folder.assetcatalog; path = Assets.xcassets; sourceTree = "<group>"; };
		CF2BF98F269096FC00842794 /* Preview Assets.xcassets */ = {isa = PBXFileReference; lastKnownFileType = folder.assetcatalog; path = "Preview Assets.xcassets"; sourceTree = "<group>"; };
		CF2BF991269096FC00842794 /* Info.plist */ = {isa = PBXFileReference; lastKnownFileType = text.plist.xml; path = Info.plist; sourceTree = "<group>"; };
		CF2BF9972690974A00842794 /* SymtomList.swift */ = {isa = PBXFileReference; lastKnownFileType = sourcecode.swift; path = SymtomList.swift; sourceTree = "<group>"; };
		CF2BF9A6269173BF00842794 /* UserInfo.swift */ = {isa = PBXFileReference; lastKnownFileType = sourcecode.swift; path = UserInfo.swift; sourceTree = "<group>"; };
		CF758F8E26988EEA004E73EE /* SymptomsListView.swift */ = {isa = PBXFileReference; lastKnownFileType = sourcecode.swift; path = SymptomsListView.swift; sourceTree = "<group>"; };
		CF758F9026989348004E73EE /* ResultTestingView.swift */ = {isa = PBXFileReference; lastKnownFileType = sourcecode.swift; path = ResultTestingView.swift; sourceTree = "<group>"; };
		CF758F92269893D9004E73EE /* FirstTestResumeView.swift */ = {isa = PBXFileReference; lastKnownFileType = sourcecode.swift; path = FirstTestResumeView.swift; sourceTree = "<group>"; };
		CF87F5832692067600ED6710 /* ElementsList.swift */ = {isa = PBXFileReference; lastKnownFileType = sourcecode.swift; path = ElementsList.swift; sourceTree = "<group>"; };
		CF87F5AD26988D8600ED6710 /* TestingView.swift */ = {isa = PBXFileReference; lastKnownFileType = sourcecode.swift; path = TestingView.swift; sourceTree = "<group>"; };
/* End PBXFileReference section */

/* Begin PBXFrameworksBuildPhase section */
		CF2BF982269096FB00842794 /* Frameworks */ = {
			isa = PBXFrameworksBuildPhase;
			buildActionMask = 2147483647;
			files = (
			);
			runOnlyForDeploymentPostprocessing = 0;
		};
/* End PBXFrameworksBuildPhase section */

/* Begin PBXGroup section */
		CF2BF97C269096FB00842794 = {
			isa = PBXGroup;
			children = (
				CF2BF987269096FB00842794 /* VitaMi */,
				CF2BF986269096FB00842794 /* Products */,
			);
			sourceTree = "<group>";
		};
		CF2BF986269096FB00842794 /* Products */ = {
			isa = PBXGroup;
			children = (
				CF2BF985269096FB00842794 /* VitaMi.app */,
			);
			name = Products;
			sourceTree = "<group>";
		};
		CF2BF987269096FB00842794 /* VitaMi */ = {
			isa = PBXGroup;
			children = (
				CF2BF99D2690B30200842794 /* CustomView */,
				CF2BF99A2690AD5C00842794 /* Model */,
				CF2BF9992690AD4800842794 /* View */,
				CF2BF988269096FB00842794 /* VitaMiApp.swift */,
				CF2BF98C269096FC00842794 /* Assets.xcassets */,
				CF2BF991269096FC00842794 /* Info.plist */,
				CF2BF98E269096FC00842794 /* Preview Content */,
			);
			path = VitaMi;
			sourceTree = "<group>";
		};
		CF2BF98E269096FC00842794 /* Preview Content */ = {
			isa = PBXGroup;
			children = (
				CF2BF98F269096FC00842794 /* Preview Assets.xcassets */,
			);
			path = "Preview Content";
			sourceTree = "<group>";
		};
		CF2BF9992690AD4800842794 /* View */ = {
			isa = PBXGroup;
			children = (
				CF2BF98A269096FB00842794 /* ContentView.swift */,
				CF87F5AD26988D8600ED6710 /* TestingView.swift */,
				CF758F8E26988EEA004E73EE /* SymptomsListView.swift */,
				CF758F9026989348004E73EE /* ResultTestingView.swift */,
				CF758F92269893D9004E73EE /* FirstTestResumeView.swift */,
			);
			path = View;
			sourceTree = "<group>";
		};
		CF2BF99A2690AD5C00842794 /* Model */ = {
			isa = PBXGroup;
			children = (
				CF2BF9972690974A00842794 /* SymtomList.swift */,
				CF2BF9A6269173BF00842794 /* UserInfo.swift */,
				CF87F5832692067600ED6710 /* ElementsList.swift */,
			);
			path = Model;
			sourceTree = "<group>";
		};
		CF2BF99D2690B30200842794 /* CustomView */ = {
			isa = PBXGroup;
			children = (
			);
			path = CustomView;
			sourceTree = "<group>";
		};
/* End PBXGroup section */

/* Begin PBXNativeTarget section */
		CF2BF984269096FB00842794 /* VitaMi */ = {
			isa = PBXNativeTarget;
			buildConfigurationList = CF2BF994269096FC00842794 /* Build configuration list for PBXNativeTarget "VitaMi" */;
			buildPhases = (
				CF2BF981269096FB00842794 /* Sources */,
				CF2BF982269096FB00842794 /* Frameworks */,
				CF2BF983269096FB00842794 /* Resources */,
			);
			buildRules = (
			);
			dependencies = (
			);
			name = VitaMi;
			productName = VitaMi;
			productReference = CF2BF985269096FB00842794 /* VitaMi.app */;
			productType = "com.apple.product-type.application";
		};
/* End PBXNativeTarget section */

/* Begin PBXProject section */
		CF2BF97D269096FB00842794 /* Project object */ = {
			isa = PBXProject;
			attributes = {
				LastSwiftUpdateCheck = 1250;
				LastUpgradeCheck = 1250;
				TargetAttributes = {
					CF2BF984269096FB00842794 = {
						CreatedOnToolsVersion = 12.5.1;
					};
				};
			};
			buildConfigurationList = CF2BF980269096FB00842794 /* Build configuration list for PBXProject "VitaMi" */;
			compatibilityVersion = "Xcode 9.3";
			developmentRegion = en;
			hasScannedForEncodings = 0;
			knownRegions = (
				en,
				Base,
			);
			mainGroup = CF2BF97C269096FB00842794;
			productRefGroup = CF2BF986269096FB00842794 /* Products */;
			projectDirPath = "";
			projectRoot = "";
			targets = (
				CF2BF984269096FB00842794 /* VitaMi */,
			);
		};
/* End PBXProject section */

/* Begin PBXResourcesBuildPhase section */
		CF2BF983269096FB00842794 /* Resources */ = {
			isa = PBXResourcesBuildPhase;
			buildActionMask = 2147483647;
			files = (
				CF2BF990269096FC00842794 /* Preview Assets.xcassets in Resources */,
				CF2BF98D269096FC00842794 /* Assets.xcassets in Resources */,
			);
			runOnlyForDeploymentPostprocessing = 0;
		};
/* End PBXResourcesBuildPhase section */

/* Begin PBXSourcesBuildPhase section */
		CF2BF981269096FB00842794 /* Sources */ = {
			isa = PBXSourcesBuildPhase;
			buildActionMask = 2147483647;
			files = (
				CF87F5842692067600ED6710 /* ElementsList.swift in Sources */,
				CF758F8F26988EEA004E73EE /* SymptomsListView.swift in Sources */,
				CF87F5AE26988D8600ED6710 /* TestingView.swift in Sources */,
				CF2BF9982690974A00842794 /* SymtomList.swift in Sources */,
				CF2BF9A7269173BF00842794 /* UserInfo.swift in Sources */,
				CF758F9126989348004E73EE /* ResultTestingView.swift in Sources */,
				CF758F93269893D9004E73EE /* FirstTestResumeView.swift in Sources */,
				CF2BF98B269096FB00842794 /* ContentView.swift in Sources */,
				CF2BF989269096FB00842794 /* VitaMiApp.swift in Sources */,
			);
			runOnlyForDeploymentPostprocessing = 0;
		};
/* End PBXSourcesBuildPhase section */

/* Begin XCBuildConfiguration section */
		CF2BF992269096FC00842794 /* Debug */ = {
			isa = XCBuildConfiguration;
			buildSettings = {
				ALWAYS_SEARCH_USER_PATHS = NO;
				CLANG_ANALYZER_NONNULL = YES;
				CLANG_ANALYZER_NUMBER_OBJECT_CONVERSION = YES_AGGRESSIVE;
				CLANG_CXX_LANGUAGE_STANDARD = "gnu++14";
				CLANG_CXX_LIBRARY = "libc++";
				CLANG_ENABLE_MODULES = YES;
				CLANG_ENABLE_OBJC_ARC = YES;
				CLANG_ENABLE_OBJC_WEAK = YES;
				CLANG_WARN_BLOCK_CAPTURE_AUTORELEASING = YES;
				CLANG_WARN_BOOL_CONVERSION = YES;
				CLANG_WARN_COMMA = YES;
				CLANG_WARN_CONSTANT_CONVERSION = YES;
				CLANG_WARN_DEPRECATED_OBJC_IMPLEMENTATIONS = YES;
				CLANG_WARN_DIRECT_OBJC_ISA_USAGE = YES_ERROR;
				CLANG_WARN_DOCUMENTATION_COMMENTS = YES;
				CLANG_WARN_EMPTY_BODY = YES;
				CLANG_WARN_ENUM_CONVERSION = YES;
				CLANG_WARN_INFINITE_RECURSION = YES;
				CLANG_WARN_INT_CONVERSION = YES;
				CLANG_WARN_NON_LITERAL_NULL_CONVERSION = YES;
				CLANG_WARN_OBJC_IMPLICIT_RETAIN_SELF = YES;
				CLANG_WARN_OBJC_LITERAL_CONVERSION = YES;
				CLANG_WARN_OBJC_ROOT_CLASS = YES_ERROR;
				CLANG_WARN_QUOTED_INCLUDE_IN_FRAMEWORK_HEADER = YES;
				CLANG_WARN_RANGE_LOOP_ANALYSIS = YES;
				CLANG_WARN_STRICT_PROTOTYPES = YES;
				CLANG_WARN_SUSPICIOUS_MOVE = YES;
				CLANG_WARN_UNGUARDED_AVAILABILITY = YES_AGGRESSIVE;
				CLANG_WARN_UNREACHABLE_CODE = YES;
				CLANG_WARN__DUPLICATE_METHOD_MATCH = YES;
				COPY_PHASE_STRIP = NO;
				DEBUG_INFORMATION_FORMAT = dwarf;
				ENABLE_STRICT_OBJC_MSGSEND = YES;
				ENABLE_TESTABILITY = YES;
				GCC_C_LANGUAGE_STANDARD = gnu11;
				GCC_DYNAMIC_NO_PIC = NO;
				GCC_NO_COMMON_BLOCKS = YES;
				GCC_OPTIMIZATION_LEVEL = 0;
				GCC_PREPROCESSOR_DEFINITIONS = (
					"DEBUG=1",
					"$(inherited)",
				);
				GCC_WARN_64_TO_32_BIT_CONVERSION = YES;
				GCC_WARN_ABOUT_RETURN_TYPE = YES_ERROR;
				GCC_WARN_UNDECLARED_SELECTOR = YES;
				GCC_WARN_UNINITIALIZED_AUTOS = YES_AGGRESSIVE;
				GCC_WARN_UNUSED_FUNCTION = YES;
				GCC_WARN_UNUSED_VARIABLE = YES;
				IPHONEOS_DEPLOYMENT_TARGET = 14.5;
				MTL_ENABLE_DEBUG_INFO = INCLUDE_SOURCE;
				MTL_FAST_MATH = YES;
				ONLY_ACTIVE_ARCH = YES;
				SDKROOT = iphoneos;
				SWIFT_ACTIVE_COMPILATION_CONDITIONS = DEBUG;
				SWIFT_OPTIMIZATION_LEVEL = "-Onone";
			};
			name = Debug;
		};
		CF2BF993269096FC00842794 /* Release */ = {
			isa = XCBuildConfiguration;
			buildSettings = {
				ALWAYS_SEARCH_USER_PATHS = NO;
				CLANG_ANALYZER_NONNULL = YES;
				CLANG_ANALYZER_NUMBER_OBJECT_CONVERSION = YES_AGGRESSIVE;
				CLANG_CXX_LANGUAGE_STANDARD = "gnu++14";
				CLANG_CXX_LIBRARY = "libc++";
				CLANG_ENABLE_MODULES = YES;
				CLANG_ENABLE_OBJC_ARC = YES;
				CLANG_ENABLE_OBJC_WEAK = YES;
				CLANG_WARN_BLOCK_CAPTURE_AUTORELEASING = YES;
				CLANG_WARN_BOOL_CONVERSION = YES;
				CLANG_WARN_COMMA = YES;
				CLANG_WARN_CONSTANT_CONVERSION = YES;
				CLANG_WARN_DEPRECATED_OBJC_IMPLEMENTATIONS = YES;
				CLANG_WARN_DIRECT_OBJC_ISA_USAGE = YES_ERROR;
				CLANG_WARN_DOCUMENTATION_COMMENTS = YES;
				CLANG_WARN_EMPTY_BODY = YES;
				CLANG_WARN_ENUM_CONVERSION = YES;
				CLANG_WARN_INFINITE_RECURSION = YES;
				CLANG_WARN_INT_CONVERSION = YES;
				CLANG_WARN_NON_LITERAL_NULL_CONVERSION = YES;
				CLANG_WARN_OBJC_IMPLICIT_RETAIN_SELF = YES;
				CLANG_WARN_OBJC_LITERAL_CONVERSION = YES;
				CLANG_WARN_OBJC_ROOT_CLASS = YES_ERROR;
				CLANG_WARN_QUOTED_INCLUDE_IN_FRAMEWORK_HEADER = YES;
				CLANG_WARN_RANGE_LOOP_ANALYSIS = YES;
				CLANG_WARN_STRICT_PROTOTYPES = YES;
				CLANG_WARN_SUSPICIOUS_MOVE = YES;
				CLANG_WARN_UNGUARDED_AVAILABILITY = YES_AGGRESSIVE;
				CLANG_WARN_UNREACHABLE_CODE = YES;
				CLANG_WARN__DUPLICATE_METHOD_MATCH = YES;
				COPY_PHASE_STRIP = NO;
				DEBUG_INFORMATION_FORMAT = "dwarf-with-dsym";
				ENABLE_NS_ASSERTIONS = NO;
				ENABLE_STRICT_OBJC_MSGSEND = YES;
				GCC_C_LANGUAGE_STANDARD = gnu11;
				GCC_NO_COMMON_BLOCKS = YES;
				GCC_WARN_64_TO_32_BIT_CONVERSION = YES;
				GCC_WARN_ABOUT_RETURN_TYPE = YES_ERROR;
				GCC_WARN_UNDECLARED_SELECTOR = YES;
				GCC_WARN_UNINITIALIZED_AUTOS = YES_AGGRESSIVE;
				GCC_WARN_UNUSED_FUNCTION = YES;
				GCC_WARN_UNUSED_VARIABLE = YES;
				IPHONEOS_DEPLOYMENT_TARGET = 14.5;
				MTL_ENABLE_DEBUG_INFO = NO;
				MTL_FAST_MATH = YES;
				SDKROOT = iphoneos;
				SWIFT_COMPILATION_MODE = wholemodule;
				SWIFT_OPTIMIZATION_LEVEL = "-O";
				VALIDATE_PRODUCT = YES;
			};
			name = Release;
		};
		CF2BF995269096FC00842794 /* Debug */ = {
			isa = XCBuildConfiguration;
			buildSettings = {
				ASSETCATALOG_COMPILER_APPICON_NAME = AppIcon;
				ASSETCATALOG_COMPILER_GLOBAL_ACCENT_COLOR_NAME = AccentColor;
				CODE_SIGN_STYLE = Automatic;
				DEVELOPMENT_ASSET_PATHS = "\"VitaMi/Preview Content\"";
				DEVELOPMENT_TEAM = 5S24UZWM65;
				ENABLE_PREVIEWS = YES;
				INFOPLIST_FILE = VitaMi/Info.plist;
				IPHONEOS_DEPLOYMENT_TARGET = 14.0;
				LD_RUNPATH_SEARCH_PATHS = (
					"$(inherited)",
					"@executable_path/Frameworks",
				);
				PRODUCT_BUNDLE_IDENTIFIER = ru.imarishin.VitaMi;
				PRODUCT_NAME = "$(TARGET_NAME)";
				SWIFT_VERSION = 5.0;
				TARGETED_DEVICE_FAMILY = "1,2";
			};
			name = Debug;
		};
		CF2BF996269096FC00842794 /* Release */ = {
			isa = XCBuildConfiguration;
			buildSettings = {
				ASSETCATALOG_COMPILER_APPICON_NAME = AppIcon;
				ASSETCATALOG_COMPILER_GLOBAL_ACCENT_COLOR_NAME = AccentColor;
				CODE_SIGN_STYLE = Automatic;
				DEVELOPMENT_ASSET_PATHS = "\"VitaMi/Preview Content\"";
				DEVELOPMENT_TEAM = 5S24UZWM65;
				ENABLE_PREVIEWS = YES;
				INFOPLIST_FILE = VitaMi/Info.plist;
				IPHONEOS_DEPLOYMENT_TARGET = 14.0;
				LD_RUNPATH_SEARCH_PATHS = (
					"$(inherited)",
					"@executable_path/Frameworks",
				);
				PRODUCT_BUNDLE_IDENTIFIER = ru.imarishin.VitaMi;
				PRODUCT_NAME = "$(TARGET_NAME)";
				SWIFT_VERSION = 5.0;
				TARGETED_DEVICE_FAMILY = "1,2";
			};
			name = Release;
		};
/* End XCBuildConfiguration section */

/* Begin XCConfigurationList section */
		CF2BF980269096FB00842794 /* Build configuration list for PBXProject "VitaMi" */ = {
			isa = XCConfigurationList;
			buildConfigurations = (
				CF2BF992269096FC00842794 /* Debug */,
				CF2BF993269096FC00842794 /* Release */,
			);
			defaultConfigurationIsVisible = 0;
			defaultConfigurationName = Release;
		};
		CF2BF994269096FC00842794 /* Build configuration list for PBXNativeTarget "VitaMi" */ = {
			isa = XCConfigurationList;
			buildConfigurations = (
				CF2BF995269096FC00842794 /* Debug */,
				CF2BF996269096FC00842794 /* Release */,
			);
			defaultConfigurationIsVisible = 0;
			defaultConfigurationName = Release;
		};
/* End XCConfigurationList section */
	};
	rootObject = CF2BF97D269096FB00842794 /* Project object */;
}
