// !$*UTF8*$!
{
	archiveVersion = 1;
	classes = {
	};
	objectVersion = 52;
	objects = {

/* Begin PBXBuildFile section */
		CF0D660A270EC59D006FBF8F /* FirebaseAuth in Frameworks */ = {isa = PBXBuildFile; productRef = CF0D6609270EC59D006FBF8F /* FirebaseAuth */; };
		CF0D660C270EC59D006FBF8F /* FirebaseFirestore in Frameworks */ = {isa = PBXBuildFile; productRef = CF0D660B270EC59D006FBF8F /* FirebaseFirestore */; };
		CF0D660E270EC59D006FBF8F /* FirebaseFirestoreSwift-Beta in Frameworks */ = {isa = PBXBuildFile; productRef = CF0D660D270EC59D006FBF8F /* FirebaseFirestoreSwift-Beta */; };
		CF0D6612270ED1F0006FBF8F /* GoogleService-Info.plist in Resources */ = {isa = PBXBuildFile; fileRef = CF0D6611270ED1F0006FBF8F /* GoogleService-Info.plist */; };
		CF0D6614270EFA57006FBF8F /* ConnectBaseErrorView.swift in Sources */ = {isa = PBXBuildFile; fileRef = CF0D6613270EFA57006FBF8F /* ConnectBaseErrorView.swift */; };
		CF0D661827116AB6006FBF8F /* CustomMinButtonStyle.swift in Sources */ = {isa = PBXBuildFile; fileRef = CF0D661727116AB6006FBF8F /* CustomMinButtonStyle.swift */; };
		CF0D661A271185B2006FBF8F /* CustomButtonMainView.swift in Sources */ = {isa = PBXBuildFile; fileRef = CF0D6619271185B2006FBF8F /* CustomButtonMainView.swift */; };
		CF0D661C27119282006FBF8F /* GreatingView.swift in Sources */ = {isa = PBXBuildFile; fileRef = CF0D661B27119282006FBF8F /* GreatingView.swift */; };
		CF0D661E27120CE3006FBF8F /* SigninWithAppleButton.swift in Sources */ = {isa = PBXBuildFile; fileRef = CF0D661D27120CE3006FBF8F /* SigninWithAppleButton.swift */; };
		CF0D66202712123B006FBF8F /* SigninWithAppleCoordinator.swift in Sources */ = {isa = PBXBuildFile; fileRef = CF0D661F2712123B006FBF8F /* SigninWithAppleCoordinator.swift */; };
		CF0D66232712DEFD006FBF8F /* WelcomView.swift in Sources */ = {isa = PBXBuildFile; fileRef = CF0D66222712DEFD006FBF8F /* WelcomView.swift */; };
		CF0D6625271317CE006FBF8F /* AnalysisView.swift in Sources */ = {isa = PBXBuildFile; fileRef = CF0D6624271317CE006FBF8F /* AnalysisView.swift */; };
		CF0D6628271319BB006FBF8F /* ScrollViewAnalysisView.swift in Sources */ = {isa = PBXBuildFile; fileRef = CF0D6627271319BB006FBF8F /* ScrollViewAnalysisView.swift */; };
		CF0D662A271319EB006FBF8F /* CustomCellAnalysisView.swift in Sources */ = {isa = PBXBuildFile; fileRef = CF0D6629271319EA006FBF8F /* CustomCellAnalysisView.swift */; };
		CF1B39E026BC3C4900D45DD6 /* Extension.swift in Sources */ = {isa = PBXBuildFile; fileRef = CF1B39DF26BC3C4900D45DD6 /* Extension.swift */; };
		CF2BF989269096FB00842794 /* VitaMiApp.swift in Sources */ = {isa = PBXBuildFile; fileRef = CF2BF988269096FB00842794 /* VitaMiApp.swift */; };
		CF2BF98B269096FB00842794 /* ContentView.swift in Sources */ = {isa = PBXBuildFile; fileRef = CF2BF98A269096FB00842794 /* ContentView.swift */; };
		CF2BF98D269096FC00842794 /* Assets.xcassets in Resources */ = {isa = PBXBuildFile; fileRef = CF2BF98C269096FC00842794 /* Assets.xcassets */; };
		CF2BF990269096FC00842794 /* Preview Assets.xcassets in Resources */ = {isa = PBXBuildFile; fileRef = CF2BF98F269096FC00842794 /* Preview Assets.xcassets */; };
		CF2BF9982690974A00842794 /* Symtoms.swift in Sources */ = {isa = PBXBuildFile; fileRef = CF2BF9972690974A00842794 /* Symtoms.swift */; };
		CF2BF9A7269173BF00842794 /* UserManager.swift in Sources */ = {isa = PBXBuildFile; fileRef = CF2BF9A6269173BF00842794 /* UserManager.swift */; };
		CF409669271836EF0074F53D /* ScrollTestResultView.swift in Sources */ = {isa = PBXBuildFile; fileRef = CF409668271836EF0074F53D /* ScrollTestResultView.swift */; };
		CF40966B271837040074F53D /* ScrollAnalysisResultView.swift in Sources */ = {isa = PBXBuildFile; fileRef = CF40966A271837040074F53D /* ScrollAnalysisResultView.swift */; };
		CF40966D27183D360074F53D /* TitleResultView.swift in Sources */ = {isa = PBXBuildFile; fileRef = CF40966C27183D360074F53D /* TitleResultView.swift */; };
		CF758F8F26988EEA004E73EE /* SymptomsView.swift in Sources */ = {isa = PBXBuildFile; fileRef = CF758F8E26988EEA004E73EE /* SymptomsView.swift */; };
		CF758F9126989348004E73EE /* ResultTestingView.swift in Sources */ = {isa = PBXBuildFile; fileRef = CF758F9026989348004E73EE /* ResultTestingView.swift */; };
		CF8710C72714029F00111B0B /* CustomCellResultTestingView.swift in Sources */ = {isa = PBXBuildFile; fileRef = CF8710C62714029F00111B0B /* CustomCellResultTestingView.swift */; };
		CF8710C92714085400111B0B /* FoodDetailView.swift in Sources */ = {isa = PBXBuildFile; fileRef = CF8710C82714085400111B0B /* FoodDetailView.swift */; };
		CF8710CC2714965D00111B0B /* ElementCoreDataModel.xcdatamodeld in Sources */ = {isa = PBXBuildFile; fileRef = CF8710CA2714965D00111B0B /* ElementCoreDataModel.xcdatamodeld */; };
		CF8710CE27149C2000111B0B /* CoreDataManager.swift in Sources */ = {isa = PBXBuildFile; fileRef = CF8710CD27149C2000111B0B /* CoreDataManager.swift */; };
		CF87F5842692067600ED6710 /* Elements.swift in Sources */ = {isa = PBXBuildFile; fileRef = CF87F5832692067600ED6710 /* Elements.swift */; };
		CFA364DC26C3889400958920 /* DesignTestView.swift in Sources */ = {isa = PBXBuildFile; fileRef = CFA364DB26C3889400958920 /* DesignTestView.swift */; };
		CFA364DE26C3C1FF00958920 /* InfoView.swift in Sources */ = {isa = PBXBuildFile; fileRef = CFA364DD26C3C1FF00958920 /* InfoView.swift */; };
		CFA364E626C6623100958920 /* ContentSymptomsView.swift in Sources */ = {isa = PBXBuildFile; fileRef = CFA364E526C6623100958920 /* ContentSymptomsView.swift */; };
		CFA364EA26C6657400958920 /* SymptomsListView.swift in Sources */ = {isa = PBXBuildFile; fileRef = CFA364E926C6657400958920 /* SymptomsListView.swift */; };
		CFA364ED26C66F8A00958920 /* CustomButtonView.swift in Sources */ = {isa = PBXBuildFile; fileRef = CFA364EC26C66F8A00958920 /* CustomButtonView.swift */; };
		CFA364EF26C6735F00958920 /* ScrollViewResultView.swift in Sources */ = {isa = PBXBuildFile; fileRef = CFA364EE26C6735F00958920 /* ScrollViewResultView.swift */; };
		CFA364F126C67A5200958920 /* ElementDetailView.swift in Sources */ = {isa = PBXBuildFile; fileRef = CFA364F026C67A5200958920 /* ElementDetailView.swift */; };
		CFA364F526C81E8900958920 /* CustomCircleButtonStyle.swift in Sources */ = {isa = PBXBuildFile; fileRef = CFA364F426C81E8900958920 /* CustomCircleButtonStyle.swift */; };
		CFA364F726C820E400958920 /* CustomCircleButtonView.swift in Sources */ = {isa = PBXBuildFile; fileRef = CFA364F626C820E400958920 /* CustomCircleButtonView.swift */; };
		CFA42A2D26C26ED900B855E8 /* MainView.swift in Sources */ = {isa = PBXBuildFile; fileRef = CFA42A2C26C26ED900B855E8 /* MainView.swift */; };
		CFA42A3126C272C600B855E8 /* CustomCellSymptomsListView.swift in Sources */ = {isa = PBXBuildFile; fileRef = CFA42A3026C272C600B855E8 /* CustomCellSymptomsListView.swift */; };
		CFA42A3426C27ABD00B855E8 /* ScrollViewSymptomsListView.swift in Sources */ = {isa = PBXBuildFile; fileRef = CFA42A3326C27ABD00B855E8 /* ScrollViewSymptomsListView.swift */; };
		CFB19FA42719560D0051BB56 /* UserInfo.swift in Sources */ = {isa = PBXBuildFile; fileRef = CFB19FA32719560D0051BB56 /* UserInfo.swift */; };
		CFB34BFC270C59E000A527EF /* HealthyImageView.swift in Sources */ = {isa = PBXBuildFile; fileRef = CFB34BFB270C59E000A527EF /* HealthyImageView.swift */; };
		CFC93F6A26C268E400155191 /* ViewChangeManager.swift in Sources */ = {isa = PBXBuildFile; fileRef = CFC93F6926C268E400155191 /* ViewChangeManager.swift */; };
		CFC93F6C26C26AC000155191 /* StartView.swift in Sources */ = {isa = PBXBuildFile; fileRef = CFC93F6B26C26AC000155191 /* StartView.swift */; };
		CFC93F6E26C26C4200155191 /* LoginView.swift in Sources */ = {isa = PBXBuildFile; fileRef = CFC93F6D26C26C4200155191 /* LoginView.swift */; };
/* End PBXBuildFile section */

/* Begin PBXFileReference section */
		CF0D6611270ED1F0006FBF8F /* GoogleService-Info.plist */ = {isa = PBXFileReference; fileEncoding = 4; lastKnownFileType = text.plist.xml; path = "GoogleService-Info.plist"; sourceTree = "<group>"; };
		CF0D6613270EFA57006FBF8F /* ConnectBaseErrorView.swift */ = {isa = PBXFileReference; lastKnownFileType = sourcecode.swift; path = ConnectBaseErrorView.swift; sourceTree = "<group>"; };
		CF0D661727116AB6006FBF8F /* CustomMinButtonStyle.swift */ = {isa = PBXFileReference; lastKnownFileType = sourcecode.swift; path = CustomMinButtonStyle.swift; sourceTree = "<group>"; };
		CF0D6619271185B2006FBF8F /* CustomButtonMainView.swift */ = {isa = PBXFileReference; lastKnownFileType = sourcecode.swift; path = CustomButtonMainView.swift; sourceTree = "<group>"; };
		CF0D661B27119282006FBF8F /* GreatingView.swift */ = {isa = PBXFileReference; lastKnownFileType = sourcecode.swift; path = GreatingView.swift; sourceTree = "<group>"; };
		CF0D661D27120CE3006FBF8F /* SigninWithAppleButton.swift */ = {isa = PBXFileReference; lastKnownFileType = sourcecode.swift; path = SigninWithAppleButton.swift; sourceTree = "<group>"; };
		CF0D661F2712123B006FBF8F /* SigninWithAppleCoordinator.swift */ = {isa = PBXFileReference; lastKnownFileType = sourcecode.swift; path = SigninWithAppleCoordinator.swift; sourceTree = "<group>"; };
		CF0D66212712C656006FBF8F /* VitaMi.entitlements */ = {isa = PBXFileReference; lastKnownFileType = text.plist.entitlements; path = VitaMi.entitlements; sourceTree = "<group>"; };
		CF0D66222712DEFD006FBF8F /* WelcomView.swift */ = {isa = PBXFileReference; lastKnownFileType = sourcecode.swift; path = WelcomView.swift; sourceTree = "<group>"; };
		CF0D6624271317CE006FBF8F /* AnalysisView.swift */ = {isa = PBXFileReference; lastKnownFileType = sourcecode.swift; path = AnalysisView.swift; sourceTree = "<group>"; };
		CF0D6627271319BB006FBF8F /* ScrollViewAnalysisView.swift */ = {isa = PBXFileReference; lastKnownFileType = sourcecode.swift; path = ScrollViewAnalysisView.swift; sourceTree = "<group>"; };
		CF0D6629271319EA006FBF8F /* CustomCellAnalysisView.swift */ = {isa = PBXFileReference; lastKnownFileType = sourcecode.swift; path = CustomCellAnalysisView.swift; sourceTree = "<group>"; };
		CF1B39DF26BC3C4900D45DD6 /* Extension.swift */ = {isa = PBXFileReference; lastKnownFileType = sourcecode.swift; path = Extension.swift; sourceTree = "<group>"; };
		CF2BF985269096FB00842794 /* VitaMi.app */ = {isa = PBXFileReference; explicitFileType = wrapper.application; includeInIndex = 0; path = VitaMi.app; sourceTree = BUILT_PRODUCTS_DIR; };
		CF2BF988269096FB00842794 /* VitaMiApp.swift */ = {isa = PBXFileReference; lastKnownFileType = sourcecode.swift; path = VitaMiApp.swift; sourceTree = "<group>"; };
		CF2BF98A269096FB00842794 /* ContentView.swift */ = {isa = PBXFileReference; lastKnownFileType = sourcecode.swift; path = ContentView.swift; sourceTree = "<group>"; };
		CF2BF98C269096FC00842794 /* Assets.xcassets */ = {isa = PBXFileReference; lastKnownFileType = folder.assetcatalog; path = Assets.xcassets; sourceTree = "<group>"; };
		CF2BF98F269096FC00842794 /* Preview Assets.xcassets */ = {isa = PBXFileReference; lastKnownFileType = folder.assetcatalog; path = "Preview Assets.xcassets"; sourceTree = "<group>"; };
		CF2BF991269096FC00842794 /* Info.plist */ = {isa = PBXFileReference; lastKnownFileType = text.plist.xml; path = Info.plist; sourceTree = "<group>"; };
		CF2BF9972690974A00842794 /* Symtoms.swift */ = {isa = PBXFileReference; lastKnownFileType = sourcecode.swift; path = Symtoms.swift; sourceTree = "<group>"; };
		CF2BF9A6269173BF00842794 /* UserManager.swift */ = {isa = PBXFileReference; lastKnownFileType = sourcecode.swift; path = UserManager.swift; sourceTree = "<group>"; };
		CF409668271836EF0074F53D /* ScrollTestResultView.swift */ = {isa = PBXFileReference; lastKnownFileType = sourcecode.swift; path = ScrollTestResultView.swift; sourceTree = "<group>"; };
		CF40966A271837040074F53D /* ScrollAnalysisResultView.swift */ = {isa = PBXFileReference; lastKnownFileType = sourcecode.swift; path = ScrollAnalysisResultView.swift; sourceTree = "<group>"; };
		CF40966C27183D360074F53D /* TitleResultView.swift */ = {isa = PBXFileReference; lastKnownFileType = sourcecode.swift; path = TitleResultView.swift; sourceTree = "<group>"; };
		CF758F8E26988EEA004E73EE /* SymptomsView.swift */ = {isa = PBXFileReference; lastKnownFileType = sourcecode.swift; path = SymptomsView.swift; sourceTree = "<group>"; };
		CF758F9026989348004E73EE /* ResultTestingView.swift */ = {isa = PBXFileReference; lastKnownFileType = sourcecode.swift; path = ResultTestingView.swift; sourceTree = "<group>"; };
		CF8710C62714029F00111B0B /* CustomCellResultTestingView.swift */ = {isa = PBXFileReference; lastKnownFileType = sourcecode.swift; path = CustomCellResultTestingView.swift; sourceTree = "<group>"; };
		CF8710C82714085400111B0B /* FoodDetailView.swift */ = {isa = PBXFileReference; lastKnownFileType = sourcecode.swift; path = FoodDetailView.swift; sourceTree = "<group>"; };
		CF8710CB2714965D00111B0B /* ElementCoreDataModel.xcdatamodel */ = {isa = PBXFileReference; lastKnownFileType = wrapper.xcdatamodel; path = ElementCoreDataModel.xcdatamodel; sourceTree = "<group>"; };
		CF8710CD27149C2000111B0B /* CoreDataManager.swift */ = {isa = PBXFileReference; lastKnownFileType = sourcecode.swift; path = CoreDataManager.swift; sourceTree = "<group>"; };
		CF87F5832692067600ED6710 /* Elements.swift */ = {isa = PBXFileReference; lastKnownFileType = sourcecode.swift; path = Elements.swift; sourceTree = "<group>"; };
		CFA364DB26C3889400958920 /* DesignTestView.swift */ = {isa = PBXFileReference; lastKnownFileType = sourcecode.swift; path = DesignTestView.swift; sourceTree = "<group>"; };
		CFA364DD26C3C1FF00958920 /* InfoView.swift */ = {isa = PBXFileReference; lastKnownFileType = sourcecode.swift; path = InfoView.swift; sourceTree = "<group>"; };
		CFA364E526C6623100958920 /* ContentSymptomsView.swift */ = {isa = PBXFileReference; lastKnownFileType = sourcecode.swift; path = ContentSymptomsView.swift; sourceTree = "<group>"; };
		CFA364E926C6657400958920 /* SymptomsListView.swift */ = {isa = PBXFileReference; lastKnownFileType = sourcecode.swift; path = SymptomsListView.swift; sourceTree = "<group>"; };
		CFA364EC26C66F8A00958920 /* CustomButtonView.swift */ = {isa = PBXFileReference; lastKnownFileType = sourcecode.swift; path = CustomButtonView.swift; sourceTree = "<group>"; };
		CFA364EE26C6735F00958920 /* ScrollViewResultView.swift */ = {isa = PBXFileReference; lastKnownFileType = sourcecode.swift; path = ScrollViewResultView.swift; sourceTree = "<group>"; };
		CFA364F026C67A5200958920 /* ElementDetailView.swift */ = {isa = PBXFileReference; lastKnownFileType = sourcecode.swift; path = ElementDetailView.swift; sourceTree = "<group>"; };
		CFA364F426C81E8900958920 /* CustomCircleButtonStyle.swift */ = {isa = PBXFileReference; lastKnownFileType = sourcecode.swift; path = CustomCircleButtonStyle.swift; sourceTree = "<group>"; };
		CFA364F626C820E400958920 /* CustomCircleButtonView.swift */ = {isa = PBXFileReference; lastKnownFileType = sourcecode.swift; path = CustomCircleButtonView.swift; sourceTree = "<group>"; };
		CFA42A2C26C26ED900B855E8 /* MainView.swift */ = {isa = PBXFileReference; lastKnownFileType = sourcecode.swift; path = MainView.swift; sourceTree = "<group>"; };
		CFA42A3026C272C600B855E8 /* CustomCellSymptomsListView.swift */ = {isa = PBXFileReference; lastKnownFileType = sourcecode.swift; path = CustomCellSymptomsListView.swift; sourceTree = "<group>"; };
		CFA42A3326C27ABD00B855E8 /* ScrollViewSymptomsListView.swift */ = {isa = PBXFileReference; lastKnownFileType = sourcecode.swift; path = ScrollViewSymptomsListView.swift; sourceTree = "<group>"; };
		CFB19FA32719560D0051BB56 /* UserInfo.swift */ = {isa = PBXFileReference; lastKnownFileType = sourcecode.swift; path = UserInfo.swift; sourceTree = "<group>"; };
		CFB34BFB270C59E000A527EF /* HealthyImageView.swift */ = {isa = PBXFileReference; lastKnownFileType = sourcecode.swift; path = HealthyImageView.swift; sourceTree = "<group>"; };
		CFC93F6926C268E400155191 /* ViewChangeManager.swift */ = {isa = PBXFileReference; lastKnownFileType = sourcecode.swift; path = ViewChangeManager.swift; sourceTree = "<group>"; };
		CFC93F6B26C26AC000155191 /* StartView.swift */ = {isa = PBXFileReference; lastKnownFileType = sourcecode.swift; path = StartView.swift; sourceTree = "<group>"; };
		CFC93F6D26C26C4200155191 /* LoginView.swift */ = {isa = PBXFileReference; lastKnownFileType = sourcecode.swift; path = LoginView.swift; sourceTree = "<group>"; };
/* End PBXFileReference section */

/* Begin PBXFrameworksBuildPhase section */
		CF2BF982269096FB00842794 /* Frameworks */ = {
			isa = PBXFrameworksBuildPhase;
			buildActionMask = 2147483647;
			files = (
				CF0D660E270EC59D006FBF8F /* FirebaseFirestoreSwift-Beta in Frameworks */,
				CF0D660A270EC59D006FBF8F /* FirebaseAuth in Frameworks */,
				CF0D660C270EC59D006FBF8F /* FirebaseFirestore in Frameworks */,
			);
			runOnlyForDeploymentPostprocessing = 0;
		};
/* End PBXFrameworksBuildPhase section */

/* Begin PBXGroup section */
		CF0D662627131952006FBF8F /* AnalysisViewDetail */ = {
			isa = PBXGroup;
			children = (
				CF0D6627271319BB006FBF8F /* ScrollViewAnalysisView.swift */,
				CF0D6629271319EA006FBF8F /* CustomCellAnalysisView.swift */,
			);
			path = AnalysisViewDetail;
			sourceTree = "<group>";
		};
		CF1B39E826BC3E0E00D45DD6 /* Model */ = {
			isa = PBXGroup;
			children = (
				CF2BF9972690974A00842794 /* Symtoms.swift */,
				CF87F5832692067600ED6710 /* Elements.swift */,
				CF8710CA2714965D00111B0B /* ElementCoreDataModel.xcdatamodeld */,
			);
			path = Model;
			sourceTree = "<group>";
		};
		CF1B39E926BC403300D45DD6 /* Views */ = {
			isa = PBXGroup;
			children = (
				CF2BF98A269096FB00842794 /* ContentView.swift */,
				CFC93F6B26C26AC000155191 /* StartView.swift */,
				CFA42A2C26C26ED900B855E8 /* MainView.swift */,
				CF758F8E26988EEA004E73EE /* SymptomsView.swift */,
				CFA364E926C6657400958920 /* SymptomsListView.swift */,
				CF758F9026989348004E73EE /* ResultTestingView.swift */,
				CF0D6624271317CE006FBF8F /* AnalysisView.swift */,
			);
			path = Views;
			sourceTree = "<group>";
		};
		CF2BF97C269096FB00842794 = {
			isa = PBXGroup;
			children = (
				CF2BF987269096FB00842794 /* VitaMi */,
				CF2BF986269096FB00842794 /* Products */,
			);
			sourceTree = "<group>";
		};
		CF2BF986269096FB00842794 /* Products */ = {
			isa = PBXGroup;
			children = (
				CF2BF985269096FB00842794 /* VitaMi.app */,
			);
			name = Products;
			sourceTree = "<group>";
		};
		CF2BF987269096FB00842794 /* VitaMi */ = {
			isa = PBXGroup;
			children = (
				CF0D66212712C656006FBF8F /* VitaMi.entitlements */,
				CF2BF988269096FB00842794 /* VitaMiApp.swift */,
				CF1B39E926BC403300D45DD6 /* Views */,
				CFA42A2A26C26E2600B855E8 /* StartViewDetail */,
				CFA42A2E26C26F8000B855E8 /* MainViewDetail */,
				CFA42A2F26C2727B00B855E8 /* SymptomsViewDetail */,
				CFA364EB26C665C300958920 /* SymptomsListViewDetail */,
				CFA42A3226C275CD00B855E8 /* ResultTestingViewDetail */,
				CF0D662627131952006FBF8F /* AnalysisViewDetail */,
				CF2BF99A2690AD5C00842794 /* Managers */,
				CF1B39E826BC3E0E00D45DD6 /* Model */,
				CFA364D826C376C200958920 /* Decorators */,
				CF2BF98C269096FC00842794 /* Assets.xcassets */,
				CF2BF991269096FC00842794 /* Info.plist */,
				CF0D6611270ED1F0006FBF8F /* GoogleService-Info.plist */,
				CF2BF98E269096FC00842794 /* Preview Content */,
			);
			path = VitaMi;
			sourceTree = "<group>";
		};
		CF2BF98E269096FC00842794 /* Preview Content */ = {
			isa = PBXGroup;
			children = (
				CF2BF98F269096FC00842794 /* Preview Assets.xcassets */,
			);
			path = "Preview Content";
			sourceTree = "<group>";
		};
		CF2BF99A2690AD5C00842794 /* Managers */ = {
			isa = PBXGroup;
			children = (
				CFC93F6926C268E400155191 /* ViewChangeManager.swift */,
				CF2BF9A6269173BF00842794 /* UserManager.swift */,
				CF1B39DF26BC3C4900D45DD6 /* Extension.swift */,
				CF0D661F2712123B006FBF8F /* SigninWithAppleCoordinator.swift */,
				CF8710CD27149C2000111B0B /* CoreDataManager.swift */,
				CFB19FA32719560D0051BB56 /* UserInfo.swift */,
			);
			path = Managers;
			sourceTree = "<group>";
		};
		CFA364D826C376C200958920 /* Decorators */ = {
			isa = PBXGroup;
			children = (
				CFA364DB26C3889400958920 /* DesignTestView.swift */,
				CFA364EC26C66F8A00958920 /* CustomButtonView.swift */,
				CF0D6619271185B2006FBF8F /* CustomButtonMainView.swift */,
				CFA364F426C81E8900958920 /* CustomCircleButtonStyle.swift */,
				CFA364F626C820E400958920 /* CustomCircleButtonView.swift */,
				CF0D6613270EFA57006FBF8F /* ConnectBaseErrorView.swift */,
				CF0D661727116AB6006FBF8F /* CustomMinButtonStyle.swift */,
			);
			path = Decorators;
			sourceTree = "<group>";
		};
		CFA364EB26C665C300958920 /* SymptomsListViewDetail */ = {
			isa = PBXGroup;
			children = (
				CFA42A3326C27ABD00B855E8 /* ScrollViewSymptomsListView.swift */,
				CFA42A3026C272C600B855E8 /* CustomCellSymptomsListView.swift */,
			);
			path = SymptomsListViewDetail;
			sourceTree = "<group>";
		};
		CFA42A2A26C26E2600B855E8 /* StartViewDetail */ = {
			isa = PBXGroup;
			children = (
				CFA364DD26C3C1FF00958920 /* InfoView.swift */,
				CF0D661D27120CE3006FBF8F /* SigninWithAppleButton.swift */,
				CF0D66222712DEFD006FBF8F /* WelcomView.swift */,
				CFC93F6D26C26C4200155191 /* LoginView.swift */,
			);
			path = StartViewDetail;
			sourceTree = "<group>";
		};
		CFA42A2E26C26F8000B855E8 /* MainViewDetail */ = {
			isa = PBXGroup;
			children = (
				CF0D661B27119282006FBF8F /* GreatingView.swift */,
			);
			path = MainViewDetail;
			sourceTree = "<group>";
		};
		CFA42A2F26C2727B00B855E8 /* SymptomsViewDetail */ = {
			isa = PBXGroup;
			children = (
				CFA364E526C6623100958920 /* ContentSymptomsView.swift */,
			);
			path = SymptomsViewDetail;
			sourceTree = "<group>";
		};
		CFA42A3226C275CD00B855E8 /* ResultTestingViewDetail */ = {
			isa = PBXGroup;
			children = (
				CFA364EE26C6735F00958920 /* ScrollViewResultView.swift */,
				CF409668271836EF0074F53D /* ScrollTestResultView.swift */,
				CF40966A271837040074F53D /* ScrollAnalysisResultView.swift */,
				CFB34BFB270C59E000A527EF /* HealthyImageView.swift */,
				CF8710C62714029F00111B0B /* CustomCellResultTestingView.swift */,
				CFA364F026C67A5200958920 /* ElementDetailView.swift */,
				CF8710C82714085400111B0B /* FoodDetailView.swift */,
				CF40966C27183D360074F53D /* TitleResultView.swift */,
			);
			path = ResultTestingViewDetail;
			sourceTree = "<group>";
		};
/* End PBXGroup section */

/* Begin PBXNativeTarget section */
		CF2BF984269096FB00842794 /* VitaMi */ = {
			isa = PBXNativeTarget;
			buildConfigurationList = CF2BF994269096FC00842794 /* Build configuration list for PBXNativeTarget "VitaMi" */;
			buildPhases = (
				CF2BF981269096FB00842794 /* Sources */,
				CF2BF982269096FB00842794 /* Frameworks */,
				CF2BF983269096FB00842794 /* Resources */,
			);
			buildRules = (
			);
			dependencies = (
			);
			name = VitaMi;
			packageProductDependencies = (
				CF0D6609270EC59D006FBF8F /* FirebaseAuth */,
				CF0D660B270EC59D006FBF8F /* FirebaseFirestore */,
				CF0D660D270EC59D006FBF8F /* FirebaseFirestoreSwift-Beta */,
			);
			productName = VitaMi;
			productReference = CF2BF985269096FB00842794 /* VitaMi.app */;
			productType = "com.apple.product-type.application";
		};
/* End PBXNativeTarget section */

/* Begin PBXProject section */
		CF2BF97D269096FB00842794 /* Project object */ = {
			isa = PBXProject;
			attributes = {
				LastSwiftUpdateCheck = 1250;
				LastUpgradeCheck = 1250;
				TargetAttributes = {
					CF2BF984269096FB00842794 = {
						CreatedOnToolsVersion = 12.5.1;
					};
				};
			};
			buildConfigurationList = CF2BF980269096FB00842794 /* Build configuration list for PBXProject "VitaMi" */;
			compatibilityVersion = "Xcode 9.3";
			developmentRegion = en;
			hasScannedForEncodings = 0;
			knownRegions = (
				en,
				Base,
			);
			mainGroup = CF2BF97C269096FB00842794;
			packageReferences = (
				CF0D6608270EC59D006FBF8F /* XCRemoteSwiftPackageReference "firebase-ios-sdk" */,
			);
			productRefGroup = CF2BF986269096FB00842794 /* Products */;
			projectDirPath = "";
			projectRoot = "";
			targets = (
				CF2BF984269096FB00842794 /* VitaMi */,
			);
		};
/* End PBXProject section */

/* Begin PBXResourcesBuildPhase section */
		CF2BF983269096FB00842794 /* Resources */ = {
			isa = PBXResourcesBuildPhase;
			buildActionMask = 2147483647;
			files = (
				CF2BF990269096FC00842794 /* Preview Assets.xcassets in Resources */,
				CF2BF98D269096FC00842794 /* Assets.xcassets in Resources */,
				CF0D6612270ED1F0006FBF8F /* GoogleService-Info.plist in Resources */,
			);
			runOnlyForDeploymentPostprocessing = 0;
		};
/* End PBXResourcesBuildPhase section */

/* Begin PBXSourcesBuildPhase section */
		CF2BF981269096FB00842794 /* Sources */ = {
			isa = PBXSourcesBuildPhase;
			buildActionMask = 2147483647;
			files = (
				CFA42A3126C272C600B855E8 /* CustomCellSymptomsListView.swift in Sources */,
				CFA364F126C67A5200958920 /* ElementDetailView.swift in Sources */,
				CFC93F6C26C26AC000155191 /* StartView.swift in Sources */,
				CF0D66232712DEFD006FBF8F /* WelcomView.swift in Sources */,
				CF0D6614270EFA57006FBF8F /* ConnectBaseErrorView.swift in Sources */,
				CF8710CC2714965D00111B0B /* ElementCoreDataModel.xcdatamodeld in Sources */,
				CF40966B271837040074F53D /* ScrollAnalysisResultView.swift in Sources */,
				CF0D661E27120CE3006FBF8F /* SigninWithAppleButton.swift in Sources */,
				CF87F5842692067600ED6710 /* Elements.swift in Sources */,
				CFC93F6E26C26C4200155191 /* LoginView.swift in Sources */,
				CF758F8F26988EEA004E73EE /* SymptomsView.swift in Sources */,
				CFA364ED26C66F8A00958920 /* CustomButtonView.swift in Sources */,
				CFB34BFC270C59E000A527EF /* HealthyImageView.swift in Sources */,
				CF0D66202712123B006FBF8F /* SigninWithAppleCoordinator.swift in Sources */,
				CF0D6625271317CE006FBF8F /* AnalysisView.swift in Sources */,
				CFA364F526C81E8900958920 /* CustomCircleButtonStyle.swift in Sources */,
				CFA42A3426C27ABD00B855E8 /* ScrollViewSymptomsListView.swift in Sources */,
				CF0D662A271319EB006FBF8F /* CustomCellAnalysisView.swift in Sources */,
				CFA364EF26C6735F00958920 /* ScrollViewResultView.swift in Sources */,
				CFA42A2D26C26ED900B855E8 /* MainView.swift in Sources */,
				CF1B39E026BC3C4900D45DD6 /* Extension.swift in Sources */,
				CF0D661A271185B2006FBF8F /* CustomButtonMainView.swift in Sources */,
				CF0D661827116AB6006FBF8F /* CustomMinButtonStyle.swift in Sources */,
				CF8710CE27149C2000111B0B /* CoreDataManager.swift in Sources */,
				CF409669271836EF0074F53D /* ScrollTestResultView.swift in Sources */,
				CF0D6628271319BB006FBF8F /* ScrollViewAnalysisView.swift in Sources */,
				CF2BF9982690974A00842794 /* Symtoms.swift in Sources */,
				CF2BF9A7269173BF00842794 /* UserManager.swift in Sources */,
				CFA364DE26C3C1FF00958920 /* InfoView.swift in Sources */,
				CF40966D27183D360074F53D /* TitleResultView.swift in Sources */,
				CFA364F726C820E400958920 /* CustomCircleButtonView.swift in Sources */,
				CFA364DC26C3889400958920 /* DesignTestView.swift in Sources */,
				CFA364EA26C6657400958920 /* SymptomsListView.swift in Sources */,
				CFC93F6A26C268E400155191 /* ViewChangeManager.swift in Sources */,
				CF8710C92714085400111B0B /* FoodDetailView.swift in Sources */,
				CFA364E626C6623100958920 /* ContentSymptomsView.swift in Sources */,
				CF0D661C27119282006FBF8F /* GreatingView.swift in Sources */,
				CF758F9126989348004E73EE /* ResultTestingView.swift in Sources */,
				CF8710C72714029F00111B0B /* CustomCellResultTestingView.swift in Sources */,
				CF2BF98B269096FB00842794 /* ContentView.swift in Sources */,
				CFB19FA42719560D0051BB56 /* UserInfo.swift in Sources */,
				CF2BF989269096FB00842794 /* VitaMiApp.swift in Sources */,
			);
			runOnlyForDeploymentPostprocessing = 0;
		};
/* End PBXSourcesBuildPhase section */

/* Begin XCBuildConfiguration section */
		CF2BF992269096FC00842794 /* Debug */ = {
			isa = XCBuildConfiguration;
			buildSettings = {
				ALWAYS_SEARCH_USER_PATHS = NO;
				CLANG_ANALYZER_NONNULL = YES;
				CLANG_ANALYZER_NUMBER_OBJECT_CONVERSION = YES_AGGRESSIVE;
				CLANG_CXX_LANGUAGE_STANDARD = "gnu++14";
				CLANG_CXX_LIBRARY = "libc++";
				CLANG_ENABLE_MODULES = YES;
				CLANG_ENABLE_OBJC_ARC = YES;
				CLANG_ENABLE_OBJC_WEAK = YES;
				CLANG_WARN_BLOCK_CAPTURE_AUTORELEASING = YES;
				CLANG_WARN_BOOL_CONVERSION = YES;
				CLANG_WARN_COMMA = YES;
				CLANG_WARN_CONSTANT_CONVERSION = YES;
				CLANG_WARN_DEPRECATED_OBJC_IMPLEMENTATIONS = YES;
				CLANG_WARN_DIRECT_OBJC_ISA_USAGE = YES_ERROR;
				CLANG_WARN_DOCUMENTATION_COMMENTS = YES;
				CLANG_WARN_EMPTY_BODY = YES;
				CLANG_WARN_ENUM_CONVERSION = YES;
				CLANG_WARN_INFINITE_RECURSION = YES;
				CLANG_WARN_INT_CONVERSION = YES;
				CLANG_WARN_NON_LITERAL_NULL_CONVERSION = YES;
				CLANG_WARN_OBJC_IMPLICIT_RETAIN_SELF = YES;
				CLANG_WARN_OBJC_LITERAL_CONVERSION = YES;
				CLANG_WARN_OBJC_ROOT_CLASS = YES_ERROR;
				CLANG_WARN_QUOTED_INCLUDE_IN_FRAMEWORK_HEADER = YES;
				CLANG_WARN_RANGE_LOOP_ANALYSIS = YES;
				CLANG_WARN_STRICT_PROTOTYPES = YES;
				CLANG_WARN_SUSPICIOUS_MOVE = YES;
				CLANG_WARN_UNGUARDED_AVAILABILITY = YES_AGGRESSIVE;
				CLANG_WARN_UNREACHABLE_CODE = YES;
				CLANG_WARN__DUPLICATE_METHOD_MATCH = YES;
				CODE_SIGN_IDENTITY = "iPhone Developer";
				COPY_PHASE_STRIP = NO;
				DEBUG_INFORMATION_FORMAT = dwarf;
				ENABLE_STRICT_OBJC_MSGSEND = YES;
				ENABLE_TESTABILITY = YES;
				GCC_C_LANGUAGE_STANDARD = gnu11;
				GCC_DYNAMIC_NO_PIC = NO;
				GCC_NO_COMMON_BLOCKS = YES;
				GCC_OPTIMIZATION_LEVEL = 0;
				GCC_PREPROCESSOR_DEFINITIONS = (
					"DEBUG=1",
					"$(inherited)",
				);
				GCC_WARN_64_TO_32_BIT_CONVERSION = YES;
				GCC_WARN_ABOUT_RETURN_TYPE = YES_ERROR;
				GCC_WARN_UNDECLARED_SELECTOR = YES;
				GCC_WARN_UNINITIALIZED_AUTOS = YES_AGGRESSIVE;
				GCC_WARN_UNUSED_FUNCTION = YES;
				GCC_WARN_UNUSED_VARIABLE = YES;
				IPHONEOS_DEPLOYMENT_TARGET = 14.5;
				MTL_ENABLE_DEBUG_INFO = INCLUDE_SOURCE;
				MTL_FAST_MATH = YES;
				ONLY_ACTIVE_ARCH = YES;
				SDKROOT = iphoneos;
				SWIFT_ACTIVE_COMPILATION_CONDITIONS = DEBUG;
				SWIFT_OPTIMIZATION_LEVEL = "-Onone";
			};
			name = Debug;
		};
		CF2BF993269096FC00842794 /* Release */ = {
			isa = XCBuildConfiguration;
			buildSettings = {
				ALWAYS_SEARCH_USER_PATHS = NO;
				CLANG_ANALYZER_NONNULL = YES;
				CLANG_ANALYZER_NUMBER_OBJECT_CONVERSION = YES_AGGRESSIVE;
				CLANG_CXX_LANGUAGE_STANDARD = "gnu++14";
				CLANG_CXX_LIBRARY = "libc++";
				CLANG_ENABLE_MODULES = YES;
				CLANG_ENABLE_OBJC_ARC = YES;
				CLANG_ENABLE_OBJC_WEAK = YES;
				CLANG_WARN_BLOCK_CAPTURE_AUTORELEASING = YES;
				CLANG_WARN_BOOL_CONVERSION = YES;
				CLANG_WARN_COMMA = YES;
				CLANG_WARN_CONSTANT_CONVERSION = YES;
				CLANG_WARN_DEPRECATED_OBJC_IMPLEMENTATIONS = YES;
				CLANG_WARN_DIRECT_OBJC_ISA_USAGE = YES_ERROR;
				CLANG_WARN_DOCUMENTATION_COMMENTS = YES;
				CLANG_WARN_EMPTY_BODY = YES;
				CLANG_WARN_ENUM_CONVERSION = YES;
				CLANG_WARN_INFINITE_RECURSION = YES;
				CLANG_WARN_INT_CONVERSION = YES;
				CLANG_WARN_NON_LITERAL_NULL_CONVERSION = YES;
				CLANG_WARN_OBJC_IMPLICIT_RETAIN_SELF = YES;
				CLANG_WARN_OBJC_LITERAL_CONVERSION = YES;
				CLANG_WARN_OBJC_ROOT_CLASS = YES_ERROR;
				CLANG_WARN_QUOTED_INCLUDE_IN_FRAMEWORK_HEADER = YES;
				CLANG_WARN_RANGE_LOOP_ANALYSIS = YES;
				CLANG_WARN_STRICT_PROTOTYPES = YES;
				CLANG_WARN_SUSPICIOUS_MOVE = YES;
				CLANG_WARN_UNGUARDED_AVAILABILITY = YES_AGGRESSIVE;
				CLANG_WARN_UNREACHABLE_CODE = YES;
				CLANG_WARN__DUPLICATE_METHOD_MATCH = YES;
				CODE_SIGN_IDENTITY = "iPhone Developer";
				COPY_PHASE_STRIP = NO;
				DEBUG_INFORMATION_FORMAT = "dwarf-with-dsym";
				ENABLE_NS_ASSERTIONS = NO;
				ENABLE_STRICT_OBJC_MSGSEND = YES;
				GCC_C_LANGUAGE_STANDARD = gnu11;
				GCC_NO_COMMON_BLOCKS = YES;
				GCC_WARN_64_TO_32_BIT_CONVERSION = YES;
				GCC_WARN_ABOUT_RETURN_TYPE = YES_ERROR;
				GCC_WARN_UNDECLARED_SELECTOR = YES;
				GCC_WARN_UNINITIALIZED_AUTOS = YES_AGGRESSIVE;
				GCC_WARN_UNUSED_FUNCTION = YES;
				GCC_WARN_UNUSED_VARIABLE = YES;
				IPHONEOS_DEPLOYMENT_TARGET = 14.5;
				MTL_ENABLE_DEBUG_INFO = NO;
				MTL_FAST_MATH = YES;
				SDKROOT = iphoneos;
				SWIFT_COMPILATION_MODE = wholemodule;
				SWIFT_OPTIMIZATION_LEVEL = "-O";
				VALIDATE_PRODUCT = YES;
			};
			name = Release;
		};
		CF2BF995269096FC00842794 /* Debug */ = {
			isa = XCBuildConfiguration;
			buildSettings = {
				ASSETCATALOG_COMPILER_APPICON_NAME = AppIcon;
				ASSETCATALOG_COMPILER_GLOBAL_ACCENT_COLOR_NAME = AccentColor;
				CODE_SIGN_ENTITLEMENTS = VitaMi/VitaMi.entitlements;
				CODE_SIGN_STYLE = Automatic;
				DEVELOPMENT_ASSET_PATHS = "\"VitaMi/Preview Content\"";
				DEVELOPMENT_TEAM = 5S24UZWM65;
				ENABLE_PREVIEWS = YES;
				EXCLUDED_ARCHS = "";
				INFOPLIST_FILE = VitaMi/Info.plist;
				IPHONEOS_DEPLOYMENT_TARGET = 14.0;
				LD_RUNPATH_SEARCH_PATHS = (
					"$(inherited)",
					"@executable_path/Frameworks",
				);
				ONLY_ACTIVE_ARCH = YES;
				PRODUCT_BUNDLE_IDENTIFIER = ru.imarishin.VitaMi;
				PRODUCT_NAME = "$(TARGET_NAME)";
				SWIFT_VERSION = 5.0;
				TARGETED_DEVICE_FAMILY = "1,2";
			};
			name = Debug;
		};
		CF2BF996269096FC00842794 /* Release */ = {
			isa = XCBuildConfiguration;
			buildSettings = {
				ASSETCATALOG_COMPILER_APPICON_NAME = AppIcon;
				ASSETCATALOG_COMPILER_GLOBAL_ACCENT_COLOR_NAME = AccentColor;
				CODE_SIGN_ENTITLEMENTS = VitaMi/VitaMi.entitlements;
				CODE_SIGN_STYLE = Automatic;
				DEVELOPMENT_ASSET_PATHS = "\"VitaMi/Preview Content\"";
				DEVELOPMENT_TEAM = 5S24UZWM65;
				ENABLE_PREVIEWS = YES;
				EXCLUDED_ARCHS = "";
				INFOPLIST_FILE = VitaMi/Info.plist;
				IPHONEOS_DEPLOYMENT_TARGET = 14.0;
				LD_RUNPATH_SEARCH_PATHS = (
					"$(inherited)",
					"@executable_path/Frameworks",
				);
				ONLY_ACTIVE_ARCH = YES;
				PRODUCT_BUNDLE_IDENTIFIER = ru.imarishin.VitaMi;
				PRODUCT_NAME = "$(TARGET_NAME)";
				SWIFT_VERSION = 5.0;
				TARGETED_DEVICE_FAMILY = "1,2";
			};
			name = Release;
		};
/* End XCBuildConfiguration section */

/* Begin XCConfigurationList section */
		CF2BF980269096FB00842794 /* Build configuration list for PBXProject "VitaMi" */ = {
			isa = XCConfigurationList;
			buildConfigurations = (
				CF2BF992269096FC00842794 /* Debug */,
				CF2BF993269096FC00842794 /* Release */,
			);
			defaultConfigurationIsVisible = 0;
			defaultConfigurationName = Release;
		};
		CF2BF994269096FC00842794 /* Build configuration list for PBXNativeTarget "VitaMi" */ = {
			isa = XCConfigurationList;
			buildConfigurations = (
				CF2BF995269096FC00842794 /* Debug */,
				CF2BF996269096FC00842794 /* Release */,
			);
			defaultConfigurationIsVisible = 0;
			defaultConfigurationName = Release;
		};
/* End XCConfigurationList section */

/* Begin XCRemoteSwiftPackageReference section */
		CF0D6608270EC59D006FBF8F /* XCRemoteSwiftPackageReference "firebase-ios-sdk" */ = {
			isa = XCRemoteSwiftPackageReference;
			repositoryURL = "https://github.com/firebase/firebase-ios-sdk";
			requirement = {
				kind = upToNextMajorVersion;
				minimumVersion = 8.0.0;
			};
		};
/* End XCRemoteSwiftPackageReference section */

/* Begin XCSwiftPackageProductDependency section */
		CF0D6609270EC59D006FBF8F /* FirebaseAuth */ = {
			isa = XCSwiftPackageProductDependency;
			package = CF0D6608270EC59D006FBF8F /* XCRemoteSwiftPackageReference "firebase-ios-sdk" */;
			productName = FirebaseAuth;
		};
		CF0D660B270EC59D006FBF8F /* FirebaseFirestore */ = {
			isa = XCSwiftPackageProductDependency;
			package = CF0D6608270EC59D006FBF8F /* XCRemoteSwiftPackageReference "firebase-ios-sdk" */;
			productName = FirebaseFirestore;
		};
		CF0D660D270EC59D006FBF8F /* FirebaseFirestoreSwift-Beta */ = {
			isa = XCSwiftPackageProductDependency;
			package = CF0D6608270EC59D006FBF8F /* XCRemoteSwiftPackageReference "firebase-ios-sdk" */;
			productName = "FirebaseFirestoreSwift-Beta";
		};
/* End XCSwiftPackageProductDependency section */

/* Begin XCVersionGroup section */
		CF8710CA2714965D00111B0B /* ElementCoreDataModel.xcdatamodeld */ = {
			isa = XCVersionGroup;
			children = (
				CF8710CB2714965D00111B0B /* ElementCoreDataModel.xcdatamodel */,
			);
			currentVersion = CF8710CB2714965D00111B0B /* ElementCoreDataModel.xcdatamodel */;
			path = ElementCoreDataModel.xcdatamodeld;
			sourceTree = "<group>";
			versionGroupType = wrapper.xcdatamodel;
		};
/* End XCVersionGroup section */
	};
	rootObject = CF2BF97D269096FB00842794 /* Project object */;
}
